
Microsoft Visual Studio Solution File, Format Version 12.00
# Visual Studio Version 16
VisualStudioVersion = 16.0.32510.428
MinimumVisualStudioVersion = 10.0.40219.1
Project("{8BC9CEB8-8B4A-11D0-8D11-00A0C91BC942}") = "Project_3", "Project_3.vcxproj", "{7B991F0E-257D-4C19-88CB-60F3D306A86B}"
EndProject
Global
	GlobalSection(SolutionConfigurationPlatforms) = preSolution
		Debug|x64 = Debug|x64
		Debug|x86 = Debug|x86
		Release|x64 = Release|x64
		Release|x86 = Release|x86
	EndGlobalSection
	GlobalSection(ProjectConfigurationPlatforms) = postSolution
		{7B991F0E-257D-4C19-88CB-60F3D306A86B}.Debug|x64.ActiveCfg = Debug|x64
		{7B991F0E-257D-4C19-88CB-60F3D306A86B}.Debug|x64.Build.0 = Debug|x64
		{7B991F0E-257D-4C19-88CB-60F3D306A86B}.Debug|x86.ActiveCfg = Debug|Win32
		{7B991F0E-257D-4C19-88CB-60F3D306A86B}.Debug|x86.Build.0 = Debug|Win32
		{7B991F0E-257D-4C19-88CB-60F3D306A86B}.Release|x64.ActiveCfg = Release|x64
		{7B991F0E-257D-4C19-88CB-60F3D306A86B}.Release|x64.Build.0 = Release|x64
		{7B991F0E-257D-4C19-88CB-60F3D306A86B}.Release|x86.ActiveCfg = Release|Win32
		{7B991F0E-257D-4C19-88CB-60F3D306A86B}.Release|x86.Build.0 = Release|Win32
	EndGlobalSection
	GlobalSection(SolutionProperties) = preSolution
		HideSolutionNode = FALSE
	EndGlobalSection
	GlobalSection(ExtensibilityGlobals) = postSolution
		SolutionGuid = {2FD39428-3EB0-4903-BA38-BECC23D1D965}
	EndGlobalSection
EndGlobal
